
Microsoft Visual Studio Solution File, Format Version 12.00
# Visual Studio 15
VisualStudioVersion = 15.0.27004.2002
MinimumVisualStudioVersion = 10.0.40219.1
Project("{8BC9CEB8-8B4A-11D0-8D11-00A0C91BC942}") = "hcore", "src\hcore\hcore.vcxproj", "{A3166C29-20AB-4D1C-9D68-960119459780}"
EndProject
Project("{FAE04EC0-301F-11D3-BF4B-00C04F79EFBC}") = "heng", "src\heng\heng.csproj", "{A3249056-A019-455B-B865-D0EC2D31D703}"
	ProjectSection(ProjectDependencies) = postProject
		{A3166C29-20AB-4D1C-9D68-960119459780} = {A3166C29-20AB-4D1C-9D68-960119459780}
	EndProjectSection
EndProject
Project("{FAE04EC0-301F-11D3-BF4B-00C04F79EFBC}") = "hgame", "src\hgame\hgame.csproj", "{5FA76B2E-99BA-40BE-9EF1-8BDDE53E342D}"
EndProject
Global
	GlobalSection(SolutionConfigurationPlatforms) = preSolution
		Debug|x64 = Debug|x64
		Debug|x86 = Debug|x86
		Release|x64 = Release|x64
		Release|x86 = Release|x86
	EndGlobalSection
	GlobalSection(ProjectConfigurationPlatforms) = postSolution
		{A3166C29-20AB-4D1C-9D68-960119459780}.Debug|x64.ActiveCfg = Debug|x64
		{A3166C29-20AB-4D1C-9D68-960119459780}.Debug|x64.Build.0 = Debug|x64
		{A3166C29-20AB-4D1C-9D68-960119459780}.Debug|x86.ActiveCfg = Debug|Win32
		{A3166C29-20AB-4D1C-9D68-960119459780}.Debug|x86.Build.0 = Debug|Win32
		{A3166C29-20AB-4D1C-9D68-960119459780}.Release|x64.ActiveCfg = Release|x64
		{A3166C29-20AB-4D1C-9D68-960119459780}.Release|x64.Build.0 = Release|x64
		{A3166C29-20AB-4D1C-9D68-960119459780}.Release|x86.ActiveCfg = Release|Win32
		{A3166C29-20AB-4D1C-9D68-960119459780}.Release|x86.Build.0 = Release|Win32
		{A3249056-A019-455B-B865-D0EC2D31D703}.Debug|x64.ActiveCfg = Debug|x64
		{A3249056-A019-455B-B865-D0EC2D31D703}.Debug|x64.Build.0 = Debug|x64
		{A3249056-A019-455B-B865-D0EC2D31D703}.Debug|x86.ActiveCfg = Debug|x86
		{A3249056-A019-455B-B865-D0EC2D31D703}.Debug|x86.Build.0 = Debug|x86
		{A3249056-A019-455B-B865-D0EC2D31D703}.Release|x64.ActiveCfg = Release|x64
		{A3249056-A019-455B-B865-D0EC2D31D703}.Release|x64.Build.0 = Release|x64
		{A3249056-A019-455B-B865-D0EC2D31D703}.Release|x86.ActiveCfg = Release|x86
		{A3249056-A019-455B-B865-D0EC2D31D703}.Release|x86.Build.0 = Release|x86
		{5FA76B2E-99BA-40BE-9EF1-8BDDE53E342D}.Debug|x64.ActiveCfg = Debug|x64
		{5FA76B2E-99BA-40BE-9EF1-8BDDE53E342D}.Debug|x64.Build.0 = Debug|x64
		{5FA76B2E-99BA-40BE-9EF1-8BDDE53E342D}.Debug|x86.ActiveCfg = Debug|x86
		{5FA76B2E-99BA-40BE-9EF1-8BDDE53E342D}.Debug|x86.Build.0 = Debug|x86
		{5FA76B2E-99BA-40BE-9EF1-8BDDE53E342D}.Release|x64.ActiveCfg = Release|x64
		{5FA76B2E-99BA-40BE-9EF1-8BDDE53E342D}.Release|x64.Build.0 = Release|x64
		{5FA76B2E-99BA-40BE-9EF1-8BDDE53E342D}.Release|x86.ActiveCfg = Release|x86
		{5FA76B2E-99BA-40BE-9EF1-8BDDE53E342D}.Release|x86.Build.0 = Release|x86
	EndGlobalSection
	GlobalSection(SolutionProperties) = preSolution
		HideSolutionNode = FALSE
	EndGlobalSection
	GlobalSection(ExtensibilityGlobals) = postSolution
		SolutionGuid = {99E4A26D-4F4F-4BA0-95E6-EE4ABEA83E0A}
	EndGlobalSection
EndGlobal
